
Microsoft Visual Studio Solution File, Format Version 12.00
# Visual Studio Version 17
VisualStudioVersion = 17.5.33530.505
MinimumVisualStudioVersion = 10.0.40219.1
Project("{FAE04EC0-301F-11D3-BF4B-00C04F79EFBC}") = "DriveSchoolClient", "DriveSchoolClient\DriveSchoolClient.csproj", "{983B770A-AD8A-4DDA-80BC-54768C800868}"
EndProject
Project("{FAE04EC0-301F-11D3-BF4B-00C04F79EFBC}") = "DriveSchoolServer", "DriveSchoolServer\DriveSchoolServer.csproj", "{833CBDC1-FB24-4404-B2C1-62DBBFA57F87}"
EndProject
Global
	GlobalSection(SolutionConfigurationPlatforms) = preSolution
		Debug|Any CPU = Debug|Any CPU
		Release|Any CPU = Release|Any CPU
	EndGlobalSection
	GlobalSection(ProjectConfigurationPlatforms) = postSolution
		{983B770A-AD8A-4DDA-80BC-54768C800868}.Debug|Any CPU.ActiveCfg = Debug|Any CPU
		{983B770A-AD8A-4DDA-80BC-54768C800868}.Debug|Any CPU.Build.0 = Debug|Any CPU
		{983B770A-AD8A-4DDA-80BC-54768C800868}.Release|Any CPU.ActiveCfg = Release|Any CPU
		{983B770A-AD8A-4DDA-80BC-54768C800868}.Release|Any CPU.Build.0 = Release|Any CPU
		{833CBDC1-FB24-4404-B2C1-62DBBFA57F87}.Debug|Any CPU.ActiveCfg = Debug|Any CPU
		{833CBDC1-FB24-4404-B2C1-62DBBFA57F87}.Debug|Any CPU.Build.0 = Debug|Any CPU
		{833CBDC1-FB24-4404-B2C1-62DBBFA57F87}.Release|Any CPU.ActiveCfg = Release|Any CPU
		{833CBDC1-FB24-4404-B2C1-62DBBFA57F87}.Release|Any CPU.Build.0 = Release|Any CPU
	EndGlobalSection
	GlobalSection(SolutionProperties) = preSolution
		HideSolutionNode = FALSE
	EndGlobalSection
	GlobalSection(ExtensibilityGlobals) = postSolution
		SolutionGuid = {FBF21E17-4D08-44AD-9959-5EFFD2CA4666}
	EndGlobalSection
EndGlobal
